
Microsoft Visual Studio Solution File, Format Version 12.00
# Visual Studio Version 17
VisualStudioVersion = 17.6.33723.286
MinimumVisualStudioVersion = 10.0.40219.1
Project("{FAE04EC0-301F-11D3-BF4B-00C04F79EFBC}") = "keyboard", "keyboard\keyboard.csproj", "{A363BEF2-28C8-44E3-9F24-79D06113352F}"
EndProject
Global
	GlobalSection(SolutionConfigurationPlatforms) = preSolution
		Debug|Any CPU = Debug|Any CPU
		Release|Any CPU = Release|Any CPU
	EndGlobalSection
	GlobalSection(ProjectConfigurationPlatforms) = postSolution
		{A363BEF2-28C8-44E3-9F24-79D06113352F}.Debug|Any CPU.ActiveCfg = Debug|Any CPU
		{A363BEF2-28C8-44E3-9F24-79D06113352F}.Debug|Any CPU.Build.0 = Debug|Any CPU
		{A363BEF2-28C8-44E3-9F24-79D06113352F}.Release|Any CPU.ActiveCfg = Release|Any CPU
		{A363BEF2-28C8-44E3-9F24-79D06113352F}.Release|Any CPU.Build.0 = Release|Any CPU
	EndGlobalSection
	GlobalSection(SolutionProperties) = preSolution
		HideSolutionNode = FALSE
	EndGlobalSection
	GlobalSection(ExtensibilityGlobals) = postSolution
		SolutionGuid = {CC6D6B3B-9A47-45E3-8BCF-AACFCD1CEF72}
	EndGlobalSection
EndGlobal
